
Microsoft Visual Studio Solution File, Format Version 12.00
# Visual Studio Version 16
VisualStudioVersion = 16.0.31112.23
MinimumVisualStudioVersion = 10.0.40219.1
Project("{FAE04EC0-301F-11D3-BF4B-00C04F79EFBC}") = "SSU.CS.Task1", "SSU.CS.Task1\SSU.CS.Task1.csproj", "{A1BECB94-9F53-409D-B54F-73AC9DFCDF4F}"
EndProject
Global
	GlobalSection(SolutionConfigurationPlatforms) = preSolution
		Debug|Any CPU = Debug|Any CPU
		Release|Any CPU = Release|Any CPU
	EndGlobalSection
	GlobalSection(ProjectConfigurationPlatforms) = postSolution
		{A1BECB94-9F53-409D-B54F-73AC9DFCDF4F}.Debug|Any CPU.ActiveCfg = Debug|Any CPU
		{A1BECB94-9F53-409D-B54F-73AC9DFCDF4F}.Debug|Any CPU.Build.0 = Debug|Any CPU
		{A1BECB94-9F53-409D-B54F-73AC9DFCDF4F}.Release|Any CPU.ActiveCfg = Release|Any CPU
		{A1BECB94-9F53-409D-B54F-73AC9DFCDF4F}.Release|Any CPU.Build.0 = Release|Any CPU
	EndGlobalSection
	GlobalSection(SolutionProperties) = preSolution
		HideSolutionNode = FALSE
	EndGlobalSection
	GlobalSection(ExtensibilityGlobals) = postSolution
		SolutionGuid = {A70D4395-DF3C-4BFD-B236-5DDC85001C2F}
	EndGlobalSection
EndGlobal
